
Microsoft Visual Studio Solution File, Format Version 12.00
# Visual Studio Version 17
VisualStudioVersion = 17.5.33414.496
MinimumVisualStudioVersion = 10.0.40219.1
Project("{FAE04EC0-301F-11D3-BF4B-00C04F79EFBC}") = "ORM-Dapper", "ORM-Dapper\ORM-Dapper.csproj", "{C9E828AE-C76F-4D78-A3C0-6391A4748FFE}"
EndProject
Global
	GlobalSection(SolutionConfigurationPlatforms) = preSolution
		Debug|Any CPU = Debug|Any CPU
		Release|Any CPU = Release|Any CPU
	EndGlobalSection
	GlobalSection(ProjectConfigurationPlatforms) = postSolution
		{C9E828AE-C76F-4D78-A3C0-6391A4748FFE}.Debug|Any CPU.ActiveCfg = Debug|Any CPU
		{C9E828AE-C76F-4D78-A3C0-6391A4748FFE}.Debug|Any CPU.Build.0 = Debug|Any CPU
		{C9E828AE-C76F-4D78-A3C0-6391A4748FFE}.Release|Any CPU.ActiveCfg = Release|Any CPU
		{C9E828AE-C76F-4D78-A3C0-6391A4748FFE}.Release|Any CPU.Build.0 = Release|Any CPU
	EndGlobalSection
	GlobalSection(SolutionProperties) = preSolution
		HideSolutionNode = FALSE
	EndGlobalSection
	GlobalSection(ExtensibilityGlobals) = postSolution
		SolutionGuid = {7F339ACE-ABDF-497A-91B1-C59D74B297F6}
	EndGlobalSection
EndGlobal
